
Microsoft Visual Studio Solution File, Format Version 12.00
# Visual Studio Version 16
VisualStudioVersion = 16.0.31424.327
MinimumVisualStudioVersion = 10.0.40219.1
Project("{FAE04EC0-301F-11D3-BF4B-00C04F79EFBC}") = "Jr.Backend.Libs", "Jr.Backend.Libs\Jr.Backend.Libs.csproj", "{4941D19C-FA52-4F65-83AF-A72B0AD571FE}"
EndProject
Global
	GlobalSection(SolutionConfigurationPlatforms) = preSolution
		Debug|Any CPU = Debug|Any CPU
		Release|Any CPU = Release|Any CPU
	EndGlobalSection
	GlobalSection(ProjectConfigurationPlatforms) = postSolution
		{4941D19C-FA52-4F65-83AF-A72B0AD571FE}.Debug|Any CPU.ActiveCfg = Debug|Any CPU
		{4941D19C-FA52-4F65-83AF-A72B0AD571FE}.Debug|Any CPU.Build.0 = Debug|Any CPU
		{4941D19C-FA52-4F65-83AF-A72B0AD571FE}.Release|Any CPU.ActiveCfg = Release|Any CPU
		{4941D19C-FA52-4F65-83AF-A72B0AD571FE}.Release|Any CPU.Build.0 = Release|Any CPU
	EndGlobalSection
	GlobalSection(SolutionProperties) = preSolution
		HideSolutionNode = FALSE
	EndGlobalSection
	GlobalSection(ExtensibilityGlobals) = postSolution
		SolutionGuid = {741E6B9F-048F-40E5-A078-9C9EC9860203}
	EndGlobalSection
EndGlobal
