
Microsoft Visual Studio Solution File, Format Version 12.00
# Visual Studio Version 16
VisualStudioVersion = 16.0.31424.327
MinimumVisualStudioVersion = 10.0.40219.1
Project("{9A19103F-16F7-4668-BE54-9A1E7A4F7556}") = "Jr.Backend.Libs.Domain", "Jr.Backend.Libs.Domain\Jr.Backend.Libs.Domain.csproj", "{54376170-58C8-4B56-B43E-8D5564F08781}"
EndProject
Project("{9A19103F-16F7-4668-BE54-9A1E7A4F7556}") = "Jr.Backend.Libs.Tests", "Jr.Backend.Libs.Tests\Jr.Backend.Libs.Tests.csproj", "{5B228386-3C06-4F42-8D08-31A4913E90E3}"
EndProject
Project("{2150E333-8FDC-42A3-9474-1A3956D46DE8}") = "Domain", "Domain", "{01C16AE0-A7B1-4739-A99C-96D838AEEA09}"
EndProject
Project("{2150E333-8FDC-42A3-9474-1A3956D46DE8}") = "Infrastructure", "Infrastructure", "{300D5B95-42B9-4362-B0DF-7A383FBCBC4F}"
EndProject
Project("{2150E333-8FDC-42A3-9474-1A3956D46DE8}") = "Messaging", "Messaging", "{949D8918-CB90-41D0-AC40-2256AB238D4D}"
EndProject
Project("{9A19103F-16F7-4668-BE54-9A1E7A4F7556}") = "Jr.Backend.Libs.Messaging.Abstractions", "Jr.Backend.Libs.Messaging.Abstractions\Jr.Backend.Libs.Messaging.Abstractions.csproj", "{8089483E-2ED4-438F-97FB-629F43DE4B6E}"
EndProject
Project("{9A19103F-16F7-4668-BE54-9A1E7A4F7556}") = "Jr.Backend.Libs.Domain.Abstractions", "Jr.Backend.Libs.Domain.Abstractions\Jr.Backend.Libs.Domain.Abstractions.csproj", "{73025A9B-7037-499B-B0FB-BA046C4ABC51}"
EndProject
Project("{9A19103F-16F7-4668-BE54-9A1E7A4F7556}") = "Jr.Backend.Libs.Infrastructure.MongoDB", "Jr.Backend.Libs.Infrastructure.MongoDB\Jr.Backend.Libs.Infrastructure.MongoDB.csproj", "{9C66EA9A-2584-4852-8EBB-68B458801772}"
EndProject
Project("{9A19103F-16F7-4668-BE54-9A1E7A4F7556}") = "Jr.Backend.Libs.Infrastructure.MongoDB.Abstractions", "Jr.Backend.Libs.Infrastructure.MongoDB.Abstractions\Jr.Backend.Libs.Infrastructure.MongoDB.Abstractions.csproj", "{A1CAD6DB-2C41-4431-9072-74DE338DCE72}"
EndProject
Project("{9A19103F-16F7-4668-BE54-9A1E7A4F7556}") = "Jr.Backend.Libs.Infrastructure.EntityFramework.Abstractions", "Jr.Backend.Libs.Infrastructure.EntityFramework.Abstractions\Jr.Backend.Libs.Infrastructure.EntityFramework.Abstractions.csproj", "{717D6BDD-E337-4AE4-9D1B-F227B4FAD53A}"
EndProject
Project("{9A19103F-16F7-4668-BE54-9A1E7A4F7556}") = "Jr.Backend.Libs.Infrastructure.EntityFramework", "Jr.Backend.Libs.Infrastructure.EntityFramework\Jr.Backend.Libs.Infrastructure.EntityFramework.csproj", "{0B682350-84F1-48CA-AD53-58F648372D81}"
EndProject
Project("{2150E333-8FDC-42A3-9474-1A3956D46DE8}") = "Utilities", "Utilities", "{093F9A3C-9602-4123-A016-4168334E6931}"
EndProject
Project("{9A19103F-16F7-4668-BE54-9A1E7A4F7556}") = "Jr.Backend.Libs.Utilities", "Jr.Backend.Libs.Utilities\Jr.Backend.Libs.Utilities.csproj", "{579DA187-42E8-40FF-818F-18C6280CE827}"
EndProject
Project("{2150E333-8FDC-42A3-9474-1A3956D46DE8}") = "Docker", "Docker", "{F6EF25E5-E893-4E50-A7DF-B349882ACAB5}"
	ProjectSection(SolutionItems) = preProject
		docker-compose.yml = docker-compose.yml
	EndProjectSection
EndProject
Project("{2150E333-8FDC-42A3-9474-1A3956D46DE8}") = "Framework", "Framework", "{01A2A3ED-0B2E-445B-AD7E-04095D6A31FC}"
EndProject
Project("{FAE04EC0-301F-11D3-BF4B-00C04F79EFBC}") = "Jr.Backend.Libs.Framework.Abstractions", "Jr.Backend.Libs.Framework.Abstractions\Jr.Backend.Libs.Framework.Abstractions.csproj", "{DB51BDC8-7C17-45AA-9AED-B661E9420D14}"
EndProject
Project("{FAE04EC0-301F-11D3-BF4B-00C04F79EFBC}") = "Jr.Backend.Libs.Framework", "Jr.Backend.Libs.Framework\Jr.Backend.Libs.Framework.csproj", "{8B287E48-BFBA-4E34-8D57-7055132A6234}"
EndProject
Global
	GlobalSection(SolutionConfigurationPlatforms) = preSolution
		Debug|Any CPU = Debug|Any CPU
		Release|Any CPU = Release|Any CPU
	EndGlobalSection
	GlobalSection(ProjectConfigurationPlatforms) = postSolution
		{54376170-58C8-4B56-B43E-8D5564F08781}.Debug|Any CPU.ActiveCfg = Debug|Any CPU
		{54376170-58C8-4B56-B43E-8D5564F08781}.Debug|Any CPU.Build.0 = Debug|Any CPU
		{54376170-58C8-4B56-B43E-8D5564F08781}.Release|Any CPU.ActiveCfg = Release|Any CPU
		{54376170-58C8-4B56-B43E-8D5564F08781}.Release|Any CPU.Build.0 = Release|Any CPU
		{5B228386-3C06-4F42-8D08-31A4913E90E3}.Debug|Any CPU.ActiveCfg = Debug|Any CPU
		{5B228386-3C06-4F42-8D08-31A4913E90E3}.Debug|Any CPU.Build.0 = Debug|Any CPU
		{5B228386-3C06-4F42-8D08-31A4913E90E3}.Release|Any CPU.ActiveCfg = Release|Any CPU
		{5B228386-3C06-4F42-8D08-31A4913E90E3}.Release|Any CPU.Build.0 = Release|Any CPU
		{8089483E-2ED4-438F-97FB-629F43DE4B6E}.Debug|Any CPU.ActiveCfg = Debug|Any CPU
		{8089483E-2ED4-438F-97FB-629F43DE4B6E}.Debug|Any CPU.Build.0 = Debug|Any CPU
		{8089483E-2ED4-438F-97FB-629F43DE4B6E}.Release|Any CPU.ActiveCfg = Release|Any CPU
		{8089483E-2ED4-438F-97FB-629F43DE4B6E}.Release|Any CPU.Build.0 = Release|Any CPU
		{73025A9B-7037-499B-B0FB-BA046C4ABC51}.Debug|Any CPU.ActiveCfg = Debug|Any CPU
		{73025A9B-7037-499B-B0FB-BA046C4ABC51}.Debug|Any CPU.Build.0 = Debug|Any CPU
		{73025A9B-7037-499B-B0FB-BA046C4ABC51}.Release|Any CPU.ActiveCfg = Release|Any CPU
		{73025A9B-7037-499B-B0FB-BA046C4ABC51}.Release|Any CPU.Build.0 = Release|Any CPU
		{9C66EA9A-2584-4852-8EBB-68B458801772}.Debug|Any CPU.ActiveCfg = Debug|Any CPU
		{9C66EA9A-2584-4852-8EBB-68B458801772}.Debug|Any CPU.Build.0 = Debug|Any CPU
		{9C66EA9A-2584-4852-8EBB-68B458801772}.Release|Any CPU.ActiveCfg = Release|Any CPU
		{9C66EA9A-2584-4852-8EBB-68B458801772}.Release|Any CPU.Build.0 = Release|Any CPU
		{A1CAD6DB-2C41-4431-9072-74DE338DCE72}.Debug|Any CPU.ActiveCfg = Debug|Any CPU
		{A1CAD6DB-2C41-4431-9072-74DE338DCE72}.Debug|Any CPU.Build.0 = Debug|Any CPU
		{A1CAD6DB-2C41-4431-9072-74DE338DCE72}.Release|Any CPU.ActiveCfg = Release|Any CPU
		{A1CAD6DB-2C41-4431-9072-74DE338DCE72}.Release|Any CPU.Build.0 = Release|Any CPU
		{717D6BDD-E337-4AE4-9D1B-F227B4FAD53A}.Debug|Any CPU.ActiveCfg = Debug|Any CPU
		{717D6BDD-E337-4AE4-9D1B-F227B4FAD53A}.Debug|Any CPU.Build.0 = Debug|Any CPU
		{717D6BDD-E337-4AE4-9D1B-F227B4FAD53A}.Release|Any CPU.ActiveCfg = Release|Any CPU
		{717D6BDD-E337-4AE4-9D1B-F227B4FAD53A}.Release|Any CPU.Build.0 = Release|Any CPU
		{0B682350-84F1-48CA-AD53-58F648372D81}.Debug|Any CPU.ActiveCfg = Debug|Any CPU
		{0B682350-84F1-48CA-AD53-58F648372D81}.Debug|Any CPU.Build.0 = Debug|Any CPU
		{0B682350-84F1-48CA-AD53-58F648372D81}.Release|Any CPU.ActiveCfg = Release|Any CPU
		{0B682350-84F1-48CA-AD53-58F648372D81}.Release|Any CPU.Build.0 = Release|Any CPU
		{579DA187-42E8-40FF-818F-18C6280CE827}.Debug|Any CPU.ActiveCfg = Debug|Any CPU
		{579DA187-42E8-40FF-818F-18C6280CE827}.Debug|Any CPU.Build.0 = Debug|Any CPU
		{579DA187-42E8-40FF-818F-18C6280CE827}.Release|Any CPU.ActiveCfg = Release|Any CPU
		{579DA187-42E8-40FF-818F-18C6280CE827}.Release|Any CPU.Build.0 = Release|Any CPU
		{DB51BDC8-7C17-45AA-9AED-B661E9420D14}.Debug|Any CPU.ActiveCfg = Debug|Any CPU
		{DB51BDC8-7C17-45AA-9AED-B661E9420D14}.Debug|Any CPU.Build.0 = Debug|Any CPU
		{DB51BDC8-7C17-45AA-9AED-B661E9420D14}.Release|Any CPU.ActiveCfg = Release|Any CPU
		{DB51BDC8-7C17-45AA-9AED-B661E9420D14}.Release|Any CPU.Build.0 = Release|Any CPU
		{8B287E48-BFBA-4E34-8D57-7055132A6234}.Debug|Any CPU.ActiveCfg = Debug|Any CPU
		{8B287E48-BFBA-4E34-8D57-7055132A6234}.Debug|Any CPU.Build.0 = Debug|Any CPU
		{8B287E48-BFBA-4E34-8D57-7055132A6234}.Release|Any CPU.ActiveCfg = Release|Any CPU
		{8B287E48-BFBA-4E34-8D57-7055132A6234}.Release|Any CPU.Build.0 = Release|Any CPU
	EndGlobalSection
	GlobalSection(SolutionProperties) = preSolution
		HideSolutionNode = FALSE
	EndGlobalSection
	GlobalSection(NestedProjects) = preSolution
		{54376170-58C8-4B56-B43E-8D5564F08781} = {01C16AE0-A7B1-4739-A99C-96D838AEEA09}
		{8089483E-2ED4-438F-97FB-629F43DE4B6E} = {949D8918-CB90-41D0-AC40-2256AB238D4D}
		{73025A9B-7037-499B-B0FB-BA046C4ABC51} = {01C16AE0-A7B1-4739-A99C-96D838AEEA09}
		{9C66EA9A-2584-4852-8EBB-68B458801772} = {300D5B95-42B9-4362-B0DF-7A383FBCBC4F}
		{A1CAD6DB-2C41-4431-9072-74DE338DCE72} = {300D5B95-42B9-4362-B0DF-7A383FBCBC4F}
		{717D6BDD-E337-4AE4-9D1B-F227B4FAD53A} = {300D5B95-42B9-4362-B0DF-7A383FBCBC4F}
		{0B682350-84F1-48CA-AD53-58F648372D81} = {300D5B95-42B9-4362-B0DF-7A383FBCBC4F}
		{579DA187-42E8-40FF-818F-18C6280CE827} = {093F9A3C-9602-4123-A016-4168334E6931}
		{F6EF25E5-E893-4E50-A7DF-B349882ACAB5} = {093F9A3C-9602-4123-A016-4168334E6931}
		{DB51BDC8-7C17-45AA-9AED-B661E9420D14} = {01A2A3ED-0B2E-445B-AD7E-04095D6A31FC}
		{8B287E48-BFBA-4E34-8D57-7055132A6234} = {01A2A3ED-0B2E-445B-AD7E-04095D6A31FC}
	EndGlobalSection
	GlobalSection(ExtensibilityGlobals) = postSolution
		SolutionGuid = {741E6B9F-048F-40E5-A078-9C9EC9860203}
	EndGlobalSection
EndGlobal
